
Microsoft Visual Studio Solution File, Format Version 12.00
# Visual Studio Version 17
VisualStudioVersion = 17.0.32126.317
MinimumVisualStudioVersion = 10.0.40219.1
Project("{9A19103F-16F7-4668-BE54-9A1E7A4F7556}") = "Jay_Cachick", "src\Jay_Cachick.csproj", "{D58045B5-5A1D-4C13-917D-DD457BB08231}"
EndProject
Project("{FAE04EC0-301F-11D3-BF4B-00C04F79EFBC}") = "Jay_Cachick_Test", "test\Jay_Cachick_Test\Jay_Cachick_Test.csproj", "{D7436FF4-AFAF-413D-8FD8-69C01413A612}"
EndProject
Global
	GlobalSection(SolutionConfigurationPlatforms) = preSolution
		Debug|Any CPU = Debug|Any CPU
		Release|Any CPU = Release|Any CPU
	EndGlobalSection
	GlobalSection(ProjectConfigurationPlatforms) = postSolution
		{D58045B5-5A1D-4C13-917D-DD457BB08231}.Debug|Any CPU.ActiveCfg = Debug|Any CPU
		{D58045B5-5A1D-4C13-917D-DD457BB08231}.Debug|Any CPU.Build.0 = Debug|Any CPU
		{D58045B5-5A1D-4C13-917D-DD457BB08231}.Release|Any CPU.ActiveCfg = Release|Any CPU
		{D58045B5-5A1D-4C13-917D-DD457BB08231}.Release|Any CPU.Build.0 = Release|Any CPU
		{D7436FF4-AFAF-413D-8FD8-69C01413A612}.Debug|Any CPU.ActiveCfg = Debug|Any CPU
		{D7436FF4-AFAF-413D-8FD8-69C01413A612}.Debug|Any CPU.Build.0 = Debug|Any CPU
		{D7436FF4-AFAF-413D-8FD8-69C01413A612}.Release|Any CPU.ActiveCfg = Release|Any CPU
		{D7436FF4-AFAF-413D-8FD8-69C01413A612}.Release|Any CPU.Build.0 = Release|Any CPU
	EndGlobalSection
	GlobalSection(SolutionProperties) = preSolution
		HideSolutionNode = FALSE
	EndGlobalSection
	GlobalSection(ExtensibilityGlobals) = postSolution
		SolutionGuid = {7741B9D7-20A8-406A-9A76-5C69F7240D52}
	EndGlobalSection
EndGlobal
